
Microsoft Visual Studio Solution File, Format Version 12.00
# Visual Studio Version 16
VisualStudioVersion = 16.0.32106.194
MinimumVisualStudioVersion = 10.0.40219.1
Project("{FAE04EC0-301F-11D3-BF4B-00C04F79EFBC}") = "PROJE-1_Console-Telefon_Rehberi _Uygulaması", "PROJE-1_Console-Telefon_Rehberi _Uygulaması\PROJE-1_Console-Telefon_Rehberi _Uygulaması.csproj", "{038F65F0-F6C6-4860-8722-7F6C470F7DDB}"
EndProject
Global
	GlobalSection(SolutionConfigurationPlatforms) = preSolution
		Debug|Any CPU = Debug|Any CPU
		Release|Any CPU = Release|Any CPU
	EndGlobalSection
	GlobalSection(ProjectConfigurationPlatforms) = postSolution
		{038F65F0-F6C6-4860-8722-7F6C470F7DDB}.Debug|Any CPU.ActiveCfg = Debug|Any CPU
		{038F65F0-F6C6-4860-8722-7F6C470F7DDB}.Debug|Any CPU.Build.0 = Debug|Any CPU
		{038F65F0-F6C6-4860-8722-7F6C470F7DDB}.Release|Any CPU.ActiveCfg = Release|Any CPU
		{038F65F0-F6C6-4860-8722-7F6C470F7DDB}.Release|Any CPU.Build.0 = Release|Any CPU
	EndGlobalSection
	GlobalSection(SolutionProperties) = preSolution
		HideSolutionNode = FALSE
	EndGlobalSection
	GlobalSection(ExtensibilityGlobals) = postSolution
		SolutionGuid = {91D52E11-A7CB-41F2-96F2-F50E2F0FFEB4}
	EndGlobalSection
EndGlobal
